
Microsoft Visual Studio Solution File, Format Version 12.00
# Visual Studio Version 16
VisualStudioVersion = 16.0.30330.147
MinimumVisualStudioVersion = 10.0.40219.1
Project("{FAE04EC0-301F-11D3-BF4B-00C04F79EFBC}") = "ESS.Admin.WebHost", "ESS.Admin.WebHost\ESS.Admin.WebHost.csproj", "{40A89AB3-06AF-43F4-8CB9-2BE5197BB72C}"
EndProject
Project("{FAE04EC0-301F-11D3-BF4B-00C04F79EFBC}") = "ESS.Admin.Core", "ESS.Admin.Core\ESS.Admin.Core.csproj", "{D2B7B3BC-F3D4-45B2-B6A8-F04DEFA15442}"
EndProject
Project("{FAE04EC0-301F-11D3-BF4B-00C04F79EFBC}") = "ESS.Admin.DataAccess", "ESS.Admin.DataAccess\ESS.Admin.DataAccess.csproj", "{02E08E11-1248-4AA8-8158-C156471D88DC}"
EndProject
Global
	GlobalSection(SolutionConfigurationPlatforms) = preSolution
		Debug|Any CPU = Debug|Any CPU
		Release|Any CPU = Release|Any CPU
	EndGlobalSection
	GlobalSection(ProjectConfigurationPlatforms) = postSolution
		{40A89AB3-06AF-43F4-8CB9-2BE5197BB72C}.Debug|Any CPU.ActiveCfg = Debug|Any CPU
		{40A89AB3-06AF-43F4-8CB9-2BE5197BB72C}.Debug|Any CPU.Build.0 = Debug|Any CPU
		{40A89AB3-06AF-43F4-8CB9-2BE5197BB72C}.Release|Any CPU.ActiveCfg = Release|Any CPU
		{40A89AB3-06AF-43F4-8CB9-2BE5197BB72C}.Release|Any CPU.Build.0 = Release|Any CPU
		{D2B7B3BC-F3D4-45B2-B6A8-F04DEFA15442}.Debug|Any CPU.ActiveCfg = Debug|Any CPU
		{D2B7B3BC-F3D4-45B2-B6A8-F04DEFA15442}.Debug|Any CPU.Build.0 = Debug|Any CPU
		{D2B7B3BC-F3D4-45B2-B6A8-F04DEFA15442}.Release|Any CPU.ActiveCfg = Release|Any CPU
		{D2B7B3BC-F3D4-45B2-B6A8-F04DEFA15442}.Release|Any CPU.Build.0 = Release|Any CPU
		{02E08E11-1248-4AA8-8158-C156471D88DC}.Debug|Any CPU.ActiveCfg = Debug|Any CPU
		{02E08E11-1248-4AA8-8158-C156471D88DC}.Debug|Any CPU.Build.0 = Debug|Any CPU
		{02E08E11-1248-4AA8-8158-C156471D88DC}.Release|Any CPU.ActiveCfg = Release|Any CPU
		{02E08E11-1248-4AA8-8158-C156471D88DC}.Release|Any CPU.Build.0 = Release|Any CPU
	EndGlobalSection
	GlobalSection(SolutionProperties) = preSolution
		HideSolutionNode = FALSE
	EndGlobalSection
	GlobalSection(ExtensibilityGlobals) = postSolution
		SolutionGuid = {673B1F8B-E0EC-4772-95DC-80A735EB2864}
	EndGlobalSection
EndGlobal
