
Microsoft Visual Studio Solution File, Format Version 12.00
# Visual Studio Version 17
VisualStudioVersion = 17.0.32112.339
MinimumVisualStudioVersion = 10.0.40219.1
Project("{9A19103F-16F7-4668-BE54-9A1E7A4F7556}") = "ESS.Admin.WebHost", "ESS.Admin.WebHost\ESS.Admin.WebHost.csproj", "{40A89AB3-06AF-43F4-8CB9-2BE5197BB72C}"
EndProject
Project("{9A19103F-16F7-4668-BE54-9A1E7A4F7556}") = "ESS.Admin.Core", "ESS.Admin.Core\ESS.Admin.Core.csproj", "{D2B7B3BC-F3D4-45B2-B6A8-F04DEFA15442}"
EndProject
Project("{9A19103F-16F7-4668-BE54-9A1E7A4F7556}") = "ESS.Admin.DataAccess", "ESS.Admin.DataAccess\ESS.Admin.DataAccess.csproj", "{02E08E11-1248-4AA8-8158-C156471D88DC}"
EndProject
Project("{9A19103F-16F7-4668-BE54-9A1E7A4F7556}") = "ESS.Admin.Worker", "ESS.Admin.Worker\ESS.Admin.Worker.csproj", "{79F6D36E-5EBC-4060-9CC8-94EA0396AA16}"
EndProject
Project("{E53339B2-1760-4266-BCC7-CA923CBCF16C}") = "docker-compose", "docker-compose.dcproj", "{433A2130-A852-431A-B638-D46DA0BFE7E4}"
EndProject
Project("{9A19103F-16F7-4668-BE54-9A1E7A4F7556}") = "ESS.UnitTests", "ESS.UnitTests\ESS.UnitTests.csproj", "{78736EE1-9B94-46C5-A493-590308FA6A5D}"
EndProject
Project("{9A19103F-16F7-4668-BE54-9A1E7A4F7556}") = "ESS.Admin.BSA", "ESS.Admin.BSA\ESS.Admin.BSA.csproj", "{D9416B33-AE5E-4D44-8108-21B32F54217A}"
EndProject
Global
	GlobalSection(SolutionConfigurationPlatforms) = preSolution
		Debug|Any CPU = Debug|Any CPU
		Release|Any CPU = Release|Any CPU
	EndGlobalSection
	GlobalSection(ProjectConfigurationPlatforms) = postSolution
		{40A89AB3-06AF-43F4-8CB9-2BE5197BB72C}.Debug|Any CPU.ActiveCfg = Debug|Any CPU
		{40A89AB3-06AF-43F4-8CB9-2BE5197BB72C}.Debug|Any CPU.Build.0 = Debug|Any CPU
		{40A89AB3-06AF-43F4-8CB9-2BE5197BB72C}.Release|Any CPU.ActiveCfg = Release|Any CPU
		{40A89AB3-06AF-43F4-8CB9-2BE5197BB72C}.Release|Any CPU.Build.0 = Release|Any CPU
		{D2B7B3BC-F3D4-45B2-B6A8-F04DEFA15442}.Debug|Any CPU.ActiveCfg = Debug|Any CPU
		{D2B7B3BC-F3D4-45B2-B6A8-F04DEFA15442}.Debug|Any CPU.Build.0 = Debug|Any CPU
		{D2B7B3BC-F3D4-45B2-B6A8-F04DEFA15442}.Release|Any CPU.ActiveCfg = Release|Any CPU
		{D2B7B3BC-F3D4-45B2-B6A8-F04DEFA15442}.Release|Any CPU.Build.0 = Release|Any CPU
		{02E08E11-1248-4AA8-8158-C156471D88DC}.Debug|Any CPU.ActiveCfg = Debug|Any CPU
		{02E08E11-1248-4AA8-8158-C156471D88DC}.Debug|Any CPU.Build.0 = Debug|Any CPU
		{02E08E11-1248-4AA8-8158-C156471D88DC}.Release|Any CPU.ActiveCfg = Release|Any CPU
		{02E08E11-1248-4AA8-8158-C156471D88DC}.Release|Any CPU.Build.0 = Release|Any CPU
		{79F6D36E-5EBC-4060-9CC8-94EA0396AA16}.Debug|Any CPU.ActiveCfg = Debug|Any CPU
		{79F6D36E-5EBC-4060-9CC8-94EA0396AA16}.Debug|Any CPU.Build.0 = Debug|Any CPU
		{79F6D36E-5EBC-4060-9CC8-94EA0396AA16}.Release|Any CPU.ActiveCfg = Release|Any CPU
		{79F6D36E-5EBC-4060-9CC8-94EA0396AA16}.Release|Any CPU.Build.0 = Release|Any CPU
		{433A2130-A852-431A-B638-D46DA0BFE7E4}.Debug|Any CPU.ActiveCfg = Debug|Any CPU
		{433A2130-A852-431A-B638-D46DA0BFE7E4}.Debug|Any CPU.Build.0 = Debug|Any CPU
		{433A2130-A852-431A-B638-D46DA0BFE7E4}.Release|Any CPU.ActiveCfg = Release|Any CPU
		{433A2130-A852-431A-B638-D46DA0BFE7E4}.Release|Any CPU.Build.0 = Release|Any CPU
		{78736EE1-9B94-46C5-A493-590308FA6A5D}.Debug|Any CPU.ActiveCfg = Debug|Any CPU
		{78736EE1-9B94-46C5-A493-590308FA6A5D}.Debug|Any CPU.Build.0 = Debug|Any CPU
		{78736EE1-9B94-46C5-A493-590308FA6A5D}.Release|Any CPU.ActiveCfg = Release|Any CPU
		{78736EE1-9B94-46C5-A493-590308FA6A5D}.Release|Any CPU.Build.0 = Release|Any CPU
		{D9416B33-AE5E-4D44-8108-21B32F54217A}.Debug|Any CPU.ActiveCfg = Debug|Any CPU
		{D9416B33-AE5E-4D44-8108-21B32F54217A}.Debug|Any CPU.Build.0 = Debug|Any CPU
		{D9416B33-AE5E-4D44-8108-21B32F54217A}.Release|Any CPU.ActiveCfg = Release|Any CPU
		{D9416B33-AE5E-4D44-8108-21B32F54217A}.Release|Any CPU.Build.0 = Release|Any CPU
	EndGlobalSection
	GlobalSection(SolutionProperties) = preSolution
		HideSolutionNode = FALSE
	EndGlobalSection
	GlobalSection(ExtensibilityGlobals) = postSolution
		SolutionGuid = {673B1F8B-E0EC-4772-95DC-80A735EB2864}
	EndGlobalSection
EndGlobal
